
Microsoft Visual Studio Solution File, Format Version 12.00
# Visual Studio Version 17
VisualStudioVersion = 17.1.32421.90
MinimumVisualStudioVersion = 10.0.40219.1
Project("{9A19103F-16F7-4668-BE54-9A1E7A4F7556}") = "BaseItechFuntion", "BaseItechFuntion.csproj", "{B1590BF7-4485-4A7E-BE50-90F9EAB26D99}"
EndProject
Global
	GlobalSection(SolutionConfigurationPlatforms) = preSolution
		Debug|Any CPU = Debug|Any CPU
		Release|Any CPU = Release|Any CPU
	EndGlobalSection
	GlobalSection(ProjectConfigurationPlatforms) = postSolution
		{B1590BF7-4485-4A7E-BE50-90F9EAB26D99}.Debug|Any CPU.ActiveCfg = Debug|Any CPU
		{B1590BF7-4485-4A7E-BE50-90F9EAB26D99}.Debug|Any CPU.Build.0 = Debug|Any CPU
		{B1590BF7-4485-4A7E-BE50-90F9EAB26D99}.Release|Any CPU.ActiveCfg = Release|Any CPU
		{B1590BF7-4485-4A7E-BE50-90F9EAB26D99}.Release|Any CPU.Build.0 = Release|Any CPU
	EndGlobalSection
	GlobalSection(SolutionProperties) = preSolution
		HideSolutionNode = FALSE
	EndGlobalSection
	GlobalSection(ExtensibilityGlobals) = postSolution
		SolutionGuid = {C9A48962-D0BC-4D66-B328-FAFEAD4FCCA0}
	EndGlobalSection
EndGlobal
